
Microsoft Visual Studio Solution File, Format Version 12.00
# Visual Studio Version 17
VisualStudioVersion = 17.14.36327.8
MinimumVisualStudioVersion = 10.0.40219.1
Project("{FAE04EC0-301F-11D3-BF4B-00C04F79EFBC}") = "Challenge_1", "Challenge_1\Challenge_1.csproj", "{9A4A76F1-CF9A-454A-9C7A-DAEF18939A04}"
EndProject
Project("{FAE04EC0-301F-11D3-BF4B-00C04F79EFBC}") = "Challenge_2", "Challenge_2\Challenge_2.csproj", "{72C48854-B00D-4126-B66D-C8D441960BA8}"
EndProject
Global
	GlobalSection(SolutionConfigurationPlatforms) = preSolution
		Debug|Any CPU = Debug|Any CPU
		Release|Any CPU = Release|Any CPU
	EndGlobalSection
	GlobalSection(ProjectConfigurationPlatforms) = postSolution
		{9A4A76F1-CF9A-454A-9C7A-DAEF18939A04}.Debug|Any CPU.ActiveCfg = Debug|Any CPU
		{9A4A76F1-CF9A-454A-9C7A-DAEF18939A04}.Debug|Any CPU.Build.0 = Debug|Any CPU
		{9A4A76F1-CF9A-454A-9C7A-DAEF18939A04}.Release|Any CPU.ActiveCfg = Release|Any CPU
		{9A4A76F1-CF9A-454A-9C7A-DAEF18939A04}.Release|Any CPU.Build.0 = Release|Any CPU
		{72C48854-B00D-4126-B66D-C8D441960BA8}.Debug|Any CPU.ActiveCfg = Debug|Any CPU
		{72C48854-B00D-4126-B66D-C8D441960BA8}.Debug|Any CPU.Build.0 = Debug|Any CPU
		{72C48854-B00D-4126-B66D-C8D441960BA8}.Release|Any CPU.ActiveCfg = Release|Any CPU
		{72C48854-B00D-4126-B66D-C8D441960BA8}.Release|Any CPU.Build.0 = Release|Any CPU
	EndGlobalSection
	GlobalSection(SolutionProperties) = preSolution
		HideSolutionNode = FALSE
	EndGlobalSection
	GlobalSection(ExtensibilityGlobals) = postSolution
		SolutionGuid = {12C6081E-87E6-45D9-85E2-C1DBBE01CC93}
	EndGlobalSection
EndGlobal
