
Microsoft Visual Studio Solution File, Format Version 12.00
# Visual Studio Version 17
VisualStudioVersion = 17.14.36327.8
MinimumVisualStudioVersion = 10.0.40219.1
Project("{FAE04EC0-301F-11D3-BF4B-00C04F79EFBC}") = "Challenge_1", "Challenge_1\Challenge_1.csproj", "{9A4A76F1-CF9A-454A-9C7A-DAEF18939A04}"
EndProject
Project("{FAE04EC0-301F-11D3-BF4B-00C04F79EFBC}") = "Challenge_2", "Challenge_2\Challenge_2.csproj", "{72C48854-B00D-4126-B66D-C8D441960BA8}"
EndProject
Project("{FAE04EC0-301F-11D3-BF4B-00C04F79EFBC}") = "Challenge_3", "Challenge_3\Challenge_3.csproj", "{EE431E2E-7010-4C4D-9602-8CA5302DE7FC}"
EndProject
Project("{FAE04EC0-301F-11D3-BF4B-00C04F79EFBC}") = "Challenge_4", "Challenge_4\Challenge_4.csproj", "{C5394CAD-55D6-4090-86F9-16FEC727A604}"
EndProject
Project("{FAE04EC0-301F-11D3-BF4B-00C04F79EFBC}") = "Challenge_5", "Challenge_5\Challenge_5.csproj", "{9C6E6C3B-49E7-4913-9803-B7360434A884}"
EndProject
Project("{FAE04EC0-301F-11D3-BF4B-00C04F79EFBC}") = "Challenge_6", "Challenge_6\Challenge_6.csproj", "{36C03A8C-F83E-4992-99A5-3B353BE59D22}"
EndProject
Project("{FAE04EC0-301F-11D3-BF4B-00C04F79EFBC}") = "Challenge_7", "Challenge_7\Challenge_7.csproj", "{BB3E9A5B-8E54-4016-85C3-E65EA061CEBB}"
EndProject
Global
	GlobalSection(SolutionConfigurationPlatforms) = preSolution
		Debug|Any CPU = Debug|Any CPU
		Release|Any CPU = Release|Any CPU
	EndGlobalSection
	GlobalSection(ProjectConfigurationPlatforms) = postSolution
		{9A4A76F1-CF9A-454A-9C7A-DAEF18939A04}.Debug|Any CPU.ActiveCfg = Debug|Any CPU
		{9A4A76F1-CF9A-454A-9C7A-DAEF18939A04}.Debug|Any CPU.Build.0 = Debug|Any CPU
		{9A4A76F1-CF9A-454A-9C7A-DAEF18939A04}.Release|Any CPU.ActiveCfg = Release|Any CPU
		{9A4A76F1-CF9A-454A-9C7A-DAEF18939A04}.Release|Any CPU.Build.0 = Release|Any CPU
		{72C48854-B00D-4126-B66D-C8D441960BA8}.Debug|Any CPU.ActiveCfg = Debug|Any CPU
		{72C48854-B00D-4126-B66D-C8D441960BA8}.Debug|Any CPU.Build.0 = Debug|Any CPU
		{72C48854-B00D-4126-B66D-C8D441960BA8}.Release|Any CPU.ActiveCfg = Release|Any CPU
		{72C48854-B00D-4126-B66D-C8D441960BA8}.Release|Any CPU.Build.0 = Release|Any CPU
		{EE431E2E-7010-4C4D-9602-8CA5302DE7FC}.Debug|Any CPU.ActiveCfg = Debug|Any CPU
		{EE431E2E-7010-4C4D-9602-8CA5302DE7FC}.Debug|Any CPU.Build.0 = Debug|Any CPU
		{EE431E2E-7010-4C4D-9602-8CA5302DE7FC}.Release|Any CPU.ActiveCfg = Release|Any CPU
		{EE431E2E-7010-4C4D-9602-8CA5302DE7FC}.Release|Any CPU.Build.0 = Release|Any CPU
		{C5394CAD-55D6-4090-86F9-16FEC727A604}.Debug|Any CPU.ActiveCfg = Debug|Any CPU
		{C5394CAD-55D6-4090-86F9-16FEC727A604}.Debug|Any CPU.Build.0 = Debug|Any CPU
		{C5394CAD-55D6-4090-86F9-16FEC727A604}.Release|Any CPU.ActiveCfg = Release|Any CPU
		{C5394CAD-55D6-4090-86F9-16FEC727A604}.Release|Any CPU.Build.0 = Release|Any CPU
		{9C6E6C3B-49E7-4913-9803-B7360434A884}.Debug|Any CPU.ActiveCfg = Debug|Any CPU
		{9C6E6C3B-49E7-4913-9803-B7360434A884}.Debug|Any CPU.Build.0 = Debug|Any CPU
		{9C6E6C3B-49E7-4913-9803-B7360434A884}.Release|Any CPU.ActiveCfg = Release|Any CPU
		{9C6E6C3B-49E7-4913-9803-B7360434A884}.Release|Any CPU.Build.0 = Release|Any CPU
		{36C03A8C-F83E-4992-99A5-3B353BE59D22}.Debug|Any CPU.ActiveCfg = Debug|Any CPU
		{36C03A8C-F83E-4992-99A5-3B353BE59D22}.Debug|Any CPU.Build.0 = Debug|Any CPU
		{36C03A8C-F83E-4992-99A5-3B353BE59D22}.Release|Any CPU.ActiveCfg = Release|Any CPU
		{36C03A8C-F83E-4992-99A5-3B353BE59D22}.Release|Any CPU.Build.0 = Release|Any CPU
		{BB3E9A5B-8E54-4016-85C3-E65EA061CEBB}.Debug|Any CPU.ActiveCfg = Debug|Any CPU
		{BB3E9A5B-8E54-4016-85C3-E65EA061CEBB}.Debug|Any CPU.Build.0 = Debug|Any CPU
		{BB3E9A5B-8E54-4016-85C3-E65EA061CEBB}.Release|Any CPU.ActiveCfg = Release|Any CPU
		{BB3E9A5B-8E54-4016-85C3-E65EA061CEBB}.Release|Any CPU.Build.0 = Release|Any CPU
	EndGlobalSection
	GlobalSection(SolutionProperties) = preSolution
		HideSolutionNode = FALSE
	EndGlobalSection
	GlobalSection(ExtensibilityGlobals) = postSolution
		SolutionGuid = {12C6081E-87E6-45D9-85E2-C1DBBE01CC93}
	EndGlobalSection
EndGlobal
